
Microsoft Visual Studio Solution File, Format Version 12.00
# Visual Studio Version 17
VisualStudioVersion = 17.9.34728.123
MinimumVisualStudioVersion = 10.0.40219.1
Project("{FAE04EC0-301F-11D3-BF4B-00C04F79EFBC}") = "Pre-Laboratorio1_Marcos_Chutan_VD", "Pre-Laboratorio1_Marcos_Chutan_VD\Pre-Laboratorio1_Marcos_Chutan_VD.csproj", "{5ECD9363-D7EE-4AFF-A799-E200CBE582B6}"
EndProject
Global
	GlobalSection(SolutionConfigurationPlatforms) = preSolution
		Debug|Any CPU = Debug|Any CPU
		Release|Any CPU = Release|Any CPU
	EndGlobalSection
	GlobalSection(ProjectConfigurationPlatforms) = postSolution
		{5ECD9363-D7EE-4AFF-A799-E200CBE582B6}.Debug|Any CPU.ActiveCfg = Debug|Any CPU
		{5ECD9363-D7EE-4AFF-A799-E200CBE582B6}.Debug|Any CPU.Build.0 = Debug|Any CPU
		{5ECD9363-D7EE-4AFF-A799-E200CBE582B6}.Release|Any CPU.ActiveCfg = Release|Any CPU
		{5ECD9363-D7EE-4AFF-A799-E200CBE582B6}.Release|Any CPU.Build.0 = Release|Any CPU
	EndGlobalSection
	GlobalSection(SolutionProperties) = preSolution
		HideSolutionNode = FALSE
	EndGlobalSection
	GlobalSection(ExtensibilityGlobals) = postSolution
		SolutionGuid = {29F2D3B5-FBE6-4D9B-86E1-552D702E7DCF}
	EndGlobalSection
EndGlobal
